schema: '2.0'
stages:
  fetch:
    cmd: uv run python main.py ingest
    deps:
    - path: main.py
      hash: md5
      md5: ea38ae95f83cc29cb4ea25c937209e72
      size: 1976
    - path: params.yaml
      hash: md5
      md5: a177bf0913f79cc19190801d67cb0ed2
      size: 211
    - path: src/data/fetch_opensky_data.py
      hash: md5
      md5: e25a7f3ffa4321105d26cf6e771e5f17
      size: 2238
    params:
      params.yaml:
        fetch.output_dir: data/raw
        fetch.url: https://opensky-network.org/api/states/all
    outs:
    - path: data/raw
      hash: md5
      md5: 67dd7c1817daa04c4ff378950acd334b.dir
      size: 30682285
      nfiles: 14
  preprocess:
    cmd: uv run python main.py preprocess
    deps:
    - path: data/raw
      hash: md5
      md5: 67dd7c1817daa04c4ff378950acd334b.dir
      size: 30682285
      nfiles: 14
    - path: main.py
      hash: md5
      md5: ea38ae95f83cc29cb4ea25c937209e72
      size: 1976
    - path: params.yaml
      hash: md5
      md5: a177bf0913f79cc19190801d67cb0ed2
      size: 211
    - path: src/data/preprocess_opensky_data.py
      hash: md5
      md5: 39de5271c69d94eac5809bc2b6a1b4c2
      size: 6019
    params:
      params.yaml:
        preprocess.format: csv
        preprocess.output_dir: data/processed
        preprocess.raw_dir: data/raw
    outs:
    - path: data/processed
      hash: md5
      md5: 62ee790c7e79e480abed197988bd665e.dir
      size: 43139387
      nfiles: 16
  validate:
    cmd: uv run python main.py validate
    deps:
    - path: data/processed
      hash: md5
      md5: 62ee790c7e79e480abed197988bd665e.dir
      size: 43139387
      nfiles: 16
    - path: main.py
      hash: md5
      md5: ea38ae95f83cc29cb4ea25c937209e72
      size: 1976
    - path: params.yaml
      hash: md5
      md5: a177bf0913f79cc19190801d67cb0ed2
      size: 211
    - path: src/data/validate_opensky_data.py
      hash: md5
      md5: eb360dba431776997363ae83f3dd79fb
      size: 3740
    params:
      params.yaml:
        validate.processed_dir: data/processed
