schema: '2.0'
stages:
  fetch:
    cmd: uv run python main.py ingest
    deps:
    - path: main.py
      hash: md5
      md5: cba5953349ab3ff01b7d0585dfc8532e
      size: 4315
    - path: params.yaml
      hash: md5
      md5: 519478e154538b9a3b268a5de54f38cb
      size: 3630
    - path: src/data/fetch_opensky_data.py
      hash: md5
      md5: 2020a1d5dfbe8431c8571b1198b440d8
      size: 6519
    params:
      params.yaml:
        fetch.allow_cached_on_failure: true
        fetch.bbox:
          lamin: 42.5
          lomin: 15.5
          lamax: 46.5
          lomax: 19.8
        fetch.max_cached_age_hours: 12
        fetch.output_dir: data/raw
        fetch.retries: 5
        fetch.retry_backoff_seconds: 20
        fetch.timeout_seconds: 60
        fetch.url: https://opensky-network.org/api/states/all
    outs:
    - path: data/raw
      hash: md5
      md5: 9e45e7d176757e7c8eba888730c5559d.dir
      size: 35391206
      nfiles: 91
  preprocess:
    cmd: uv run python main.py preprocess
    deps:
    - path: data/raw
      hash: md5
      md5: 9e45e7d176757e7c8eba888730c5559d.dir
      size: 35391206
      nfiles: 91
    - path: main.py
      hash: md5
      md5: cba5953349ab3ff01b7d0585dfc8532e
      size: 4315
    - path: params.yaml
      hash: md5
      md5: 519478e154538b9a3b268a5de54f38cb
      size: 3630
    - path: src/data/preprocess_opensky_data.py
      hash: md5
      md5: daa58845433ee379d30cefe25e1c203e
      size: 7459
    params:
      params.yaml:
        preprocess.format: csv
        preprocess.history_filename: states_history.csv
        preprocess.output_dir: data/processed
        preprocess.raw_dir: data/raw
    outs:
    - path: data/processed
      hash: md5
      md5: c7dfe4ac776c291fb2ddb283f9ca8dbb.dir
      size: 55436294
      nfiles: 92
  validate:
    cmd: uv run python gx/run_checkpoint.py
    deps:
    - path: data/processed
      hash: md5
      md5: c7dfe4ac776c291fb2ddb283f9ca8dbb.dir
      size: 55436294
      nfiles: 92
    - path: gx/run_checkpoint.py
      hash: md5
      md5: a297ed2664d59465c91106086e0cfcbb
      size: 10757
    - path: params.yaml
      hash: md5
      md5: 519478e154538b9a3b268a5de54f38cb
      size: 3630
    - path: src/data/validate_opensky_data.py
      hash: md5
      md5: b3322831f72c389d2f3ecb72bbe41f5c
      size: 1622
    params:
      params.yaml:
        validate.checkpoint_name: opensky_history_checkpoint
        validate.data_asset_name: opensky_history
        validate.datasource_name: opensky_processed
        validate.docs_site_name: local_site
        validate.expectation_suite_name: opensky_history_suite
        validate.gx_dir: gx
        validate.history_file: data/processed/states_history.csv
        validate.processed_dir: data/processed
        validate.report_path: reports/validation/opensky_validation.json
    outs:
    - path: gx/uncommitted
      hash: md5
      md5: b2d30d834af91dc3a006b09998158808.dir
      size: 11800296
      nfiles: 178
    - path: reports/validation/opensky_validation.json
      hash: md5
      md5: 205b32198ee9d9900ca862ac3faf566a
      size: 417
  test_data:
    cmd: uv run python src/data/test_opensky_data.py
    deps:
    - path: data/processed
      hash: md5
      md5: c7dfe4ac776c291fb2ddb283f9ca8dbb.dir
      size: 55436294
      nfiles: 92
    - path: params.yaml
      hash: md5
      md5: 519478e154538b9a3b268a5de54f38cb
      size: 3630
    - path: src/data/test_opensky_data.py
      hash: md5
      md5: 6748c7ba6f3adfdb2eccdb5f5950abd5
      size: 12821
    params:
      params.yaml:
        test_data.drift_share: 0.7
        test_data.drop_columns:
        - icao24
        - callsign
        - time_position
        - last_contact
        - sensors
        - squawk
        - snapshot_time
        - snapshot_time_utc
        - source_snapshot
        - event_time_utc
        - captured_at_utc
        test_data.max_reference_current_row_ratio: 20.0
        test_data.min_rows: 30
        test_data.processed_dir: data/processed
        test_data.reference_dir: data/reference/opensky
        test_data.reference_file: states_reference.csv
        test_data.report_html: reports/evidently/opensky_data_drift_report.html
        test_data.report_json: reports/evidently/opensky_data_drift_summary.json
    outs:
    - path: data/reference
      hash: md5
      md5: b1649d770ef48429cda70dcfa052d34e.dir
      size: 18594
      nfiles: 1
    - path: reports/evidently
      hash: md5
      md5: 7f3fee4d1afdb2e0f3a4fa6f776ddbb7.dir
      size: 4190356
      nfiles: 2
  train:
    cmd: uv run python main.py train
    deps:
    - path: data/processed
      hash: md5
      md5: c7dfe4ac776c291fb2ddb283f9ca8dbb.dir
      size: 55436294
      nfiles: 92
    - path: data/reference
      hash: md5
      md5: b1649d770ef48429cda70dcfa052d34e.dir
      size: 18594
      nfiles: 1
    - path: gx/uncommitted
      hash: md5
      md5: b2d30d834af91dc3a006b09998158808.dir
      size: 11800296
      nfiles: 178
    - path: main.py
      hash: md5
      md5: cba5953349ab3ff01b7d0585dfc8532e
      size: 4315
    - path: params.yaml
      hash: md5
      md5: 519478e154538b9a3b268a5de54f38cb
      size: 3630
    - path: reports/evidently/opensky_data_drift_summary.json
      hash: md5
      md5: df0819ce9ffb72794cc1a946450756a4
      size: 1546
    - path: reports/validation/opensky_validation.json
      hash: md5
      md5: 205b32198ee9d9900ca862ac3faf566a
      size: 417
    - path: src/model/compression.py
      hash: md5
      md5: bbabdf20bb2b140b9222a95bda8f0443
      size: 5941
    - path: src/model/explainability.py
      hash: md5
      md5: ea06d47dc4076343c99f4ee95b39af2a
      size: 8388
    - path: src/model/mlflow_tracking.py
      hash: md5
      md5: 21dba2b6c8aeb821f3e71c4938ec9f15
      size: 6081
    - path: src/model/preprocess.py
      hash: md5
      md5: e01f4baafd4a2c377325d94ccbaa021a
      size: 4969
    - path: src/model/train.py
      hash: md5
      md5: 3c246a32b4632571c7a50ff28001d5ef
      size: 8255
    - path: src/model/training_artifacts.py
      hash: md5
      md5: 651ecf22053ed4ed292563a5f8b8f50b
      size: 6228
    - path: src/model/training_config.py
      hash: md5
      md5: 455387e5b3da542418d99dacf6ba0b5d
      size: 10131
    - path: src/model/training_metrics.py
      hash: md5
      md5: cbbd0f85c457dae55c0866f63f5d5b9b
      size: 4992
    - path: src/model/training_models.py
      hash: md5
      md5: a574357a8891c4f2625f6493e5b8ad36
      size: 4992
    - path: src/model/training_report.py
      hash: md5
      md5: 73179c3a154f4cf6a5eab0952ae93656
      size: 5863
    params:
      params.yaml:
        train.await_model_registration_seconds: 120
        train.batch_size: 64
        train.compression_enabled: true
        train.compression_method: float16_weight_quantization
        train.compression_report_path: reports/model_compression/opensky_compression.json
        train.dense_units: 32
        train.dropout: 0.2
        train.epochs: 20
        train.explainability_enabled: true
        train.explainability_repeats: 5
        train.explainability_report_path: reports/model_explainability/opensky_explainability.json
        train.explainability_sample_size: 1000
        train.explainability_top_n: 10
        train.feature_columns:
        - longitude
        - latitude
        - baro_altitude
        - velocity
        - true_track
        - vertical_rate
        - geo_altitude
        - on_ground
        - spi
        - position_source
        train.history_file: data/processed/states_history.csv
        train.local_mlflow_fallback: true
        train.lstm_units: 64
        train.max_sequence_gap_seconds: 1800
        train.max_sequences: 12000
        train.metrics_path: reports/model_training/opensky_metrics.json
        train.mlflow_experiment_name: OpenSky-IIS_Projekt_train
        train.mlflow_mode: auto
        train.mlflow_tracking_uri: https://dagshub.com/HarisBeg26/OpenSky-IIS_Projekt.mlflow
        train.models_dir: models/opensky
        train.on_ground_registered_model_name: OpenSkyOnGroundLSTM
        train.onnx_opset: 13
        train.patience: 4
        train.quantization_dtype: float16
        train.random_state: 42
        train.register_models: true
        train.require_remote_mlflow: false
        train.test_size: 0.2
        train.trajectory_registered_model_name: OpenSkyTrajectoryLSTM
        train.trajectory_target_mode: delta
        train.validation_split: 0.2
        train.window_size: 1
    outs:
    - path: models/opensky
      hash: md5
      md5: b73064f144ee939cd830009d5ff7d419.dir
      size: 1255953
      nfiles: 9
    - path: reports/model_compression/opensky_compression.json
      hash: md5
      md5: 9c2015b34de30a940bf62653b059c51f
      size: 8016
    - path: reports/model_explainability/opensky_explainability.json
      hash: md5
      md5: 436e3e2e2c413f7866c4ed41d430acf0
      size: 14524
    - path: reports/model_training/opensky_metrics.json
      hash: md5
      md5: 4b44ddebddfd1ecf2c259526dbda2846
      size: 4997
  monitor:
    cmd: uv run python main.py monitor
    deps:
    - path: data/predictions
      hash: md5
      md5: b972317bd0ed0dbdd51e91a7bd765995.dir
      size: 147865
      nfiles: 1
    - path: data/processed
      hash: md5
      md5: c7dfe4ac776c291fb2ddb283f9ca8dbb.dir
      size: 55436294
      nfiles: 92
    - path: main.py
      hash: md5
      md5: cba5953349ab3ff01b7d0585dfc8532e
      size: 4315
    - path: models/opensky
      hash: md5
      md5: b73064f144ee939cd830009d5ff7d419.dir
      size: 1255953
      nfiles: 9
    - path: params.yaml
      hash: md5
      md5: 519478e154538b9a3b268a5de54f38cb
      size: 3630
    - path: reports/model_compression/opensky_compression.json
      hash: md5
      md5: 9c2015b34de30a940bf62653b059c51f
      size: 8016
    - path: reports/model_explainability/opensky_explainability.json
      hash: md5
      md5: 436e3e2e2c413f7866c4ed41d430acf0
      size: 14524
    - path: reports/model_training/opensky_metrics.json
      hash: md5
      md5: 4b44ddebddfd1ecf2c259526dbda2846
      size: 4997
    - path: src/monitoring/monitor_models.py
      hash: md5
      md5: 36481424a05ae897b0361f5abe92abce
      size: 17385
    params:
      params.yaml:
        monitoring.batch_predictions: data/predictions/latest_predictions.json
        monitoring.compression_report: reports/model_compression/opensky_compression.json
        monitoring.deployment_report_path: reports/deployment/model_deployment_patterns.json
        monitoring.explainability_report: reports/model_explainability/opensky_explainability.json
        monitoring.max_data_age_hours: 72
        monitoring.max_trajectory_mae: 5.0
        monitoring.max_trajectory_mean_distance_km: 75.0
        monitoring.min_on_ground_accuracy: 0.85
        monitoring.min_on_ground_f1: 0.1
        monitoring.min_trajectory_skill_score: 0.0
        monitoring.models_dir: models/opensky
        monitoring.processed_dir: data/processed
        monitoring.report_path: reports/model_monitoring/production_model_monitoring.json
        monitoring.training_metrics: reports/model_training/opensky_metrics.json
    outs:
    - path: reports/deployment/model_deployment_patterns.json
      hash: md5
      md5: 125602f5fa1c4f4eab5a37dc9c66e323
      size: 2718
    - path: reports/model_monitoring/production_model_monitoring.json
      hash: md5
      md5: fc3bf6f6079df0d118d6fc807c262843
      size: 32576
  batch_predict:
    cmd: uv run python main.py predict-batch
    deps:
    - path: data/processed
      hash: md5
      md5: c7dfe4ac776c291fb2ddb283f9ca8dbb.dir
      size: 55436294
      nfiles: 92
    - path: main.py
      hash: md5
      md5: cba5953349ab3ff01b7d0585dfc8532e
      size: 4315
    - path: models/opensky
      hash: md5
      md5: b73064f144ee939cd830009d5ff7d419.dir
      size: 1255953
      nfiles: 9
    - path: params.yaml
      hash: md5
      md5: 519478e154538b9a3b268a5de54f38cb
      size: 3630
    - path: src/inference/batch.py
      hash: md5
      md5: 410cc71859d1e4ffcdfdc6c9564e33ab
      size: 4246
    - path: src/inference/data.py
      hash: md5
      md5: f7195865560c72af728a270fc9578ca8
      size: 3867
    - path: src/inference/onnx.py
      hash: md5
      md5: 26799341fe4c94bee7505a1c3051a1ab
      size: 4340
    params:
      params.yaml:
        batch_prediction.max_aircraft: 250
        batch_prediction.output_file: data/predictions/latest_predictions.json
        batch_prediction.processed_dir: data/processed
    outs:
    - path: data/predictions
      hash: md5
      md5: b972317bd0ed0dbdd51e91a7bd765995.dir
      size: 147865
      nfiles: 1
