schema: '2.0'
stages:
  fetch:
    cmd: uv run python main.py ingest
    deps:
    - path: main.py
      hash: md5
      md5: 6fd04970a42c7fbf45cfc03fc9bcad79
      size: 3847
    - path: params.yaml
      hash: md5
      md5: 01826c7a62c24d8781f6f230f066b605
      size: 2507
    - path: src/data/fetch_opensky_data.py
      hash: md5
      md5: 2020a1d5dfbe8431c8571b1198b440d8
      size: 6519
    params:
      params.yaml:
        fetch.allow_cached_on_failure: true
        fetch.bbox:
          lamin: 42.5
          lomin: 15.5
          lamax: 46.5
          lomax: 19.8
        fetch.max_cached_age_hours: 12
        fetch.output_dir: data/raw
        fetch.retries: 5
        fetch.retry_backoff_seconds: 20
        fetch.timeout_seconds: 60
        fetch.url: https://opensky-network.org/api/states/all
    outs:
    - path: data/raw
      hash: md5
      md5: 091580e3177ea7dba8aeb373c981db21.dir
      size: 34439550
      nfiles: 36
  preprocess:
    cmd: uv run python main.py preprocess
    deps:
    - path: data/raw
      hash: md5
      md5: 091580e3177ea7dba8aeb373c981db21.dir
      size: 34439550
      nfiles: 36
    - path: main.py
      hash: md5
      md5: 6fd04970a42c7fbf45cfc03fc9bcad79
      size: 3847
    - path: params.yaml
      hash: md5
      md5: 01826c7a62c24d8781f6f230f066b605
      size: 2507
    - path: src/data/preprocess_opensky_data.py
      hash: md5
      md5: daa58845433ee379d30cefe25e1c203e
      size: 7459
    params:
      params.yaml:
        preprocess.format: csv
        preprocess.history_filename: states_history.csv
        preprocess.output_dir: data/processed
        preprocess.raw_dir: data/raw
    outs:
    - path: data/processed
      hash: md5
      md5: 81f7adb315abc954ada316308cbfc6ac.dir
      size: 53894452
      nfiles: 37
  validate:
    cmd: uv run python gx/run_checkpoint.py
    deps:
    - path: data/processed
      hash: md5
      md5: 81f7adb315abc954ada316308cbfc6ac.dir
      size: 53894452
      nfiles: 37
    - path: gx/run_checkpoint.py
      hash: md5
      md5: a297ed2664d59465c91106086e0cfcbb
      size: 10757
    - path: params.yaml
      hash: md5
      md5: 01826c7a62c24d8781f6f230f066b605
      size: 2507
    - path: src/data/validate_opensky_data.py
      hash: md5
      md5: b3322831f72c389d2f3ecb72bbe41f5c
      size: 1622
    params:
      params.yaml:
        validate.checkpoint_name: opensky_history_checkpoint
        validate.data_asset_name: opensky_history
        validate.datasource_name: opensky_processed
        validate.docs_site_name: local_site
        validate.expectation_suite_name: opensky_history_suite
        validate.gx_dir: gx
        validate.history_file: data/processed/states_history.csv
        validate.processed_dir: data/processed
        validate.report_path: reports/validation/opensky_validation.json
    outs:
    - path: gx/uncommitted
      hash: md5
      md5: 0c8d5709940f696e054607e9166003d1.dir
      size: 6212489
      nfiles: 66
    - path: reports/validation/opensky_validation.json
      hash: md5
      md5: 205b32198ee9d9900ca862ac3faf566a
      size: 417
  test_data:
    cmd: uv run python src/data/test_opensky_data.py
    deps:
    - path: data/processed
      hash: md5
      md5: 81f7adb315abc954ada316308cbfc6ac.dir
      size: 53894452
      nfiles: 37
    - path: params.yaml
      hash: md5
      md5: 01826c7a62c24d8781f6f230f066b605
      size: 2507
    - path: src/data/test_opensky_data.py
      hash: md5
      md5: ba65fd70952da57da59eee44f13200da
      size: 11660
    params:
      params.yaml:
        test_data.drift_share: 0.7
        test_data.drop_columns:
        - icao24
        - callsign
        - time_position
        - last_contact
        - sensors
        - squawk
        - snapshot_time
        - snapshot_time_utc
        - source_snapshot
        - event_time_utc
        - captured_at_utc
        test_data.min_rows: 30
        test_data.processed_dir: data/processed
        test_data.reference_dir: data/reference/opensky
        test_data.reference_file: states_reference.csv
        test_data.report_html: reports/evidently/opensky_data_drift_report.html
        test_data.report_json: reports/evidently/opensky_data_drift_summary.json
    outs:
    - path: data/reference
      hash: md5
      md5: f090bec106e44bc274a87dd425b84b44.dir
      size: 2779
      nfiles: 1
    - path: reports/evidently
      hash: md5
      md5: 70aa844162707a77517e16a08c4af52c.dir
      size: 4091678
      nfiles: 2
  train:
    cmd: uv run python main.py train
    deps:
    - path: data/processed
      hash: md5
      md5: 81f7adb315abc954ada316308cbfc6ac.dir
      size: 53894452
      nfiles: 37
    - path: data/reference
      hash: md5
      md5: f090bec106e44bc274a87dd425b84b44.dir
      size: 2779
      nfiles: 1
    - path: gx/uncommitted
      hash: md5
      md5: 0c8d5709940f696e054607e9166003d1.dir
      size: 6212489
      nfiles: 66
    - path: main.py
      hash: md5
      md5: 6fd04970a42c7fbf45cfc03fc9bcad79
      size: 3847
    - path: params.yaml
      hash: md5
      md5: 01826c7a62c24d8781f6f230f066b605
      size: 2507
    - path: reports/evidently/opensky_data_drift_summary.json
      hash: md5
      md5: 95459f770f577874aeb11bcad9a6c3c7
      size: 1485
    - path: reports/validation/opensky_validation.json
      hash: md5
      md5: 205b32198ee9d9900ca862ac3faf566a
      size: 417
    - path: src/model/preprocess.py
      hash: md5
      md5: a9fe2fb615cfd48c59471d05b5e0d0d8
      size: 4638
    - path: src/model/train.py
      hash: md5
      md5: 093183834bc8e692e9a0c3074933e544
      size: 24053
    params:
      params.yaml:
        train.await_model_registration_seconds: 120
        train.batch_size: 64
        train.dense_units: 32
        train.dropout: 0.2
        train.epochs: 20
        train.feature_columns:
        - longitude
        - latitude
        - baro_altitude
        - velocity
        - true_track
        - vertical_rate
        - geo_altitude
        - on_ground
        - spi
        - position_source
        train.history_file: data/processed/states_history.csv
        train.lstm_units: 64
        train.max_sequences: 12000
        train.metrics_path: reports/model_training/opensky_metrics.json
        train.mlflow_experiment_name: OpenSky-IIS_Projekt_train
        train.mlflow_tracking_uri: https://dagshub.com/HarisBeg26/OpenSky-IIS_Projekt.mlflow
        train.models_dir: models/opensky
        train.on_ground_registered_model_name: OpenSkyOnGroundLSTM
        train.onnx_opset: 13
        train.patience: 4
        train.random_state: 42
        train.register_models: true
        train.test_size: 0.2
        train.trajectory_registered_model_name: OpenSkyTrajectoryLSTM
        train.validation_split: 0.2
        train.window_size: 2
    outs:
    - path: models/opensky
      hash: md5
      md5: 2ea6131c25a11232f11a974204092076.dir
      size: 949971
      nfiles: 5
    - path: reports/model_training/opensky_metrics.json
      hash: md5
      md5: a465c8a7d656cda04277bf3eeb5015f9
      size: 2482
  monitor:
    cmd: uv run python main.py monitor
    deps:
    - path: data/processed
      hash: md5
      md5: 81f7adb315abc954ada316308cbfc6ac.dir
      size: 53894452
      nfiles: 37
    - path: main.py
      hash: md5
      md5: 6fd04970a42c7fbf45cfc03fc9bcad79
      size: 3847
    - path: models/opensky
      hash: md5
      md5: 2ea6131c25a11232f11a974204092076.dir
      size: 949971
      nfiles: 5
    - path: params.yaml
      hash: md5
      md5: 01826c7a62c24d8781f6f230f066b605
      size: 2507
    - path: reports/model_training/opensky_metrics.json
      hash: md5
      md5: a465c8a7d656cda04277bf3eeb5015f9
      size: 2482
    - path: src/monitoring/monitor_models.py
      hash: md5
      md5: 35460085ed9e8055189c203ddc8aae75
      size: 6602
    params:
      params.yaml:
        monitoring.max_data_age_hours: 72
        monitoring.max_trajectory_mae: 5.0
        monitoring.min_on_ground_accuracy: 0.85
        monitoring.models_dir: models/opensky
        monitoring.processed_dir: data/processed
        monitoring.report_path: reports/model_monitoring/production_model_monitoring.json
        monitoring.training_metrics: reports/model_training/opensky_metrics.json
    outs:
    - path: reports/model_monitoring/production_model_monitoring.json
      hash: md5
      md5: eb8e66c95db34250f60e07b8e5aa0c57
      size: 4244
